
Microsoft Visual Studio Solution File, Format Version 12.00
# Visual Studio 2012
Project("{F184B08F-C81C-45F6-A57F-5ABD9991F28F}") = "test", "test\test.vbproj", "{AED943CC-852D-4166-9E64-4F6718BD21A9}"
EndProject
Global
	GlobalSection(SolutionConfigurationPlatforms) = preSolution
		Debug|Any CPU = Debug|Any CPU
		Release|Any CPU = Release|Any CPU
	EndGlobalSection
	GlobalSection(ProjectConfigurationPlatforms) = postSolution
		{AED943CC-852D-4166-9E64-4F6718BD21A9}.Debug|Any CPU.ActiveCfg = Debug|Any CPU
		{AED943CC-852D-4166-9E64-4F6718BD21A9}.Debug|Any CPU.Build.0 = Debug|Any CPU
		{AED943CC-852D-4166-9E64-4F6718BD21A9}.Release|Any CPU.ActiveCfg = Release|Any CPU
		{AED943CC-852D-4166-9E64-4F6718BD21A9}.Release|Any CPU.Build.0 = Release|Any CPU
	EndGlobalSection
	GlobalSection(SolutionProperties) = preSolution
		HideSolutionNode = FALSE
	EndGlobalSection
EndGlobal
