
Microsoft Visual Studio Solution File, Format Version 12.00
# Visual Studio 2012
Project("{F184B08F-C81C-45F6-A57F-5ABD9991F28F}") = "Bugy", "Bugy\Bugy.vbproj", "{6E5B19BB-E905-4D6E-AE4D-F3EEBFBD6239}"
EndProject
Global
	GlobalSection(SolutionConfigurationPlatforms) = preSolution
		Debug|Any CPU = Debug|Any CPU
		Debug|x64 = Debug|x64
		Release|Any CPU = Release|Any CPU
		Release|x64 = Release|x64
	EndGlobalSection
	GlobalSection(ProjectConfigurationPlatforms) = postSolution
		{6E5B19BB-E905-4D6E-AE4D-F3EEBFBD6239}.Debug|Any CPU.ActiveCfg = Debug|Any CPU
		{6E5B19BB-E905-4D6E-AE4D-F3EEBFBD6239}.Debug|Any CPU.Build.0 = Debug|Any CPU
		{6E5B19BB-E905-4D6E-AE4D-F3EEBFBD6239}.Debug|x64.ActiveCfg = Release|x64
		{6E5B19BB-E905-4D6E-AE4D-F3EEBFBD6239}.Debug|x64.Build.0 = Release|x64
		{6E5B19BB-E905-4D6E-AE4D-F3EEBFBD6239}.Release|Any CPU.ActiveCfg = Release|Any CPU
		{6E5B19BB-E905-4D6E-AE4D-F3EEBFBD6239}.Release|Any CPU.Build.0 = Release|Any CPU
		{6E5B19BB-E905-4D6E-AE4D-F3EEBFBD6239}.Release|x64.ActiveCfg = Release|x64
		{6E5B19BB-E905-4D6E-AE4D-F3EEBFBD6239}.Release|x64.Build.0 = Release|x64
	EndGlobalSection
	GlobalSection(SolutionProperties) = preSolution
		HideSolutionNode = FALSE
	EndGlobalSection
	GlobalSection(Performance) = preSolution
		HasPerformanceSessions = true
	EndGlobalSection
EndGlobal
